
Microsoft Visual Studio Solution File, Format Version 12.00
# Visual Studio Version 17
VisualStudioVersion = 17.8.34309.116
MinimumVisualStudioVersion = 10.0.40219.1
Project("{FAE04EC0-301F-11D3-BF4B-00C04F79EFBC}") = "Assignment", "Assignment.csproj", "{DA24CB16-96EB-4941-837B-A95C9FF6338B}"
EndProject
Global
	GlobalSection(SolutionConfigurationPlatforms) = preSolution
		Debug|Any CPU = Debug|Any CPU
		Release|Any CPU = Release|Any CPU
	EndGlobalSection
	GlobalSection(ProjectConfigurationPlatforms) = postSolution
		{DA24CB16-96EB-4941-837B-A95C9FF6338B}.Debug|Any CPU.ActiveCfg = Debug|Any CPU
		{DA24CB16-96EB-4941-837B-A95C9FF6338B}.Debug|Any CPU.Build.0 = Debug|Any CPU
		{DA24CB16-96EB-4941-837B-A95C9FF6338B}.Release|Any CPU.ActiveCfg = Release|Any CPU
		{DA24CB16-96EB-4941-837B-A95C9FF6338B}.Release|Any CPU.Build.0 = Release|Any CPU
	EndGlobalSection
	GlobalSection(SolutionProperties) = preSolution
		HideSolutionNode = FALSE
	EndGlobalSection
	GlobalSection(ExtensibilityGlobals) = postSolution
		SolutionGuid = {6F1B7E3E-0846-4D74-A48B-34EFF1694D7F}
	EndGlobalSection
EndGlobal
